
Microsoft Visual Studio Solution File, Format Version 12.00
# Visual Studio Version 17
VisualStudioVersion = 17.4.33205.214
MinimumVisualStudioVersion = 10.0.40219.1
Project("{8BC9CEB8-8B4A-11D0-8D11-00A0C91BC942}") = "UtilityLib", "UtilityLib\UtilityLib.vcxproj", "{4F1FA9C6-0DBB-47F3-9DC1-0FF9A6F3D02E}"
EndProject
Project("{8BC9CEB8-8B4A-11D0-8D11-00A0C91BC942}") = "FakeDLL", "FakeDLL\FakeDLL.vcxproj", "{5EED4EE1-EBEA-473B-B1D0-74E142C245FE}"
EndProject
Global
	GlobalSection(SolutionConfigurationPlatforms) = preSolution
		Debug|x86 = Debug|x86
		Release|x86 = Release|x86
	EndGlobalSection
	GlobalSection(ProjectConfigurationPlatforms) = postSolution
		{4F1FA9C6-0DBB-47F3-9DC1-0FF9A6F3D02E}.Debug|x86.ActiveCfg = Debug|Win32
		{4F1FA9C6-0DBB-47F3-9DC1-0FF9A6F3D02E}.Debug|x86.Build.0 = Debug|Win32
		{4F1FA9C6-0DBB-47F3-9DC1-0FF9A6F3D02E}.Release|x86.ActiveCfg = Release|Win32
		{4F1FA9C6-0DBB-47F3-9DC1-0FF9A6F3D02E}.Release|x86.Build.0 = Release|Win32
		{5EED4EE1-EBEA-473B-B1D0-74E142C245FE}.Debug|x86.ActiveCfg = Debug|Win32
		{5EED4EE1-EBEA-473B-B1D0-74E142C245FE}.Debug|x86.Build.0 = Debug|Win32
		{5EED4EE1-EBEA-473B-B1D0-74E142C245FE}.Release|x86.ActiveCfg = Release|Win32
		{5EED4EE1-EBEA-473B-B1D0-74E142C245FE}.Release|x86.Build.0 = Release|Win32
	EndGlobalSection
	GlobalSection(SolutionProperties) = preSolution
		HideSolutionNode = FALSE
	EndGlobalSection
	GlobalSection(ExtensibilityGlobals) = postSolution
		SolutionGuid = {7C73362B-4035-41B0-AF33-A5BF8962A501}
	EndGlobalSection
EndGlobal
